dependencies:
- name: aidbox
  repository: file://../aidbox
  version: 0.2.11
- name: aidbox
  repository: file://../aidbox
  version: 0.2.11
- name: fhir-app-portal
  repository: file://../fhir-app-portal
  version: 0.1.0
- name: interop
  repository: file://../interop
  version: 0.1.0
- name: prior-auth
  repository: file://../prior-auth
  version: 0.1.0
digest: sha256:da36dffb3d68851c7816e28e23ae139a260a7f422e9d1dd60861fc880a7ddf44
generated: "2026-06-16T11:51:12.417852+04:00"
